
Microsoft Visual Studio Solution File, Format Version 12.00
# Visual Studio Version 16
VisualStudioVersion = 16.0.30523.141
MinimumVisualStudioVersion = 10.0.40219.1
Project("{FAE04EC0-301F-11D3-BF4B-00C04F79EFBC}") = "ProductServices", "..\ProductServices\ProductServices.csproj", "{6469F804-6F1C-493A-9524-CBBCDFC9430E}"
EndProject
Project("{FAE04EC0-301F-11D3-BF4B-00C04F79EFBC}") = "CartServices", "..\CartServices\CartServices.csproj", "{627A3D37-EC2F-43DA-8155-0790FDE373F1}"
EndProject
Project("{FAE04EC0-301F-11D3-BF4B-00C04F79EFBC}") = "OrderServices", "..\OrderServices\OrderServices.csproj", "{409D0A74-FD22-4EC7-978E-903F7C5DD0B3}"
EndProject
Project("{FAE04EC0-301F-11D3-BF4B-00C04F79EFBC}") = "IdentityServices", "..\IdentityServices\IdentityServices.csproj", "{E26F650C-8202-427E-9D34-798455AC401D}"
EndProject
Global
	GlobalSection(SolutionConfigurationPlatforms) = preSolution
		Debug|Any CPU = Debug|Any CPU
		Release|Any CPU = Release|Any CPU
	EndGlobalSection
	GlobalSection(ProjectConfigurationPlatforms) = postSolution
		{6469F804-6F1C-493A-9524-CBBCDFC9430E}.Debug|Any CPU.ActiveCfg = Debug|Any CPU
		{6469F804-6F1C-493A-9524-CBBCDFC9430E}.Debug|Any CPU.Build.0 = Debug|Any CPU
		{6469F804-6F1C-493A-9524-CBBCDFC9430E}.Release|Any CPU.ActiveCfg = Release|Any CPU
		{6469F804-6F1C-493A-9524-CBBCDFC9430E}.Release|Any CPU.Build.0 = Release|Any CPU
		{627A3D37-EC2F-43DA-8155-0790FDE373F1}.Debug|Any CPU.ActiveCfg = Debug|Any CPU
		{627A3D37-EC2F-43DA-8155-0790FDE373F1}.Debug|Any CPU.Build.0 = Debug|Any CPU
		{627A3D37-EC2F-43DA-8155-0790FDE373F1}.Release|Any CPU.ActiveCfg = Release|Any CPU
		{627A3D37-EC2F-43DA-8155-0790FDE373F1}.Release|Any CPU.Build.0 = Release|Any CPU
		{409D0A74-FD22-4EC7-978E-903F7C5DD0B3}.Debug|Any CPU.ActiveCfg = Debug|Any CPU
		{409D0A74-FD22-4EC7-978E-903F7C5DD0B3}.Debug|Any CPU.Build.0 = Debug|Any CPU
		{409D0A74-FD22-4EC7-978E-903F7C5DD0B3}.Release|Any CPU.ActiveCfg = Release|Any CPU
		{409D0A74-FD22-4EC7-978E-903F7C5DD0B3}.Release|Any CPU.Build.0 = Release|Any CPU
		{E26F650C-8202-427E-9D34-798455AC401D}.Debug|Any CPU.ActiveCfg = Debug|Any CPU
		{E26F650C-8202-427E-9D34-798455AC401D}.Debug|Any CPU.Build.0 = Debug|Any CPU
		{E26F650C-8202-427E-9D34-798455AC401D}.Release|Any CPU.ActiveCfg = Release|Any CPU
		{E26F650C-8202-427E-9D34-798455AC401D}.Release|Any CPU.Build.0 = Release|Any CPU
	EndGlobalSection
	GlobalSection(SolutionProperties) = preSolution
		HideSolutionNode = FALSE
	EndGlobalSection
	GlobalSection(ExtensibilityGlobals) = postSolution
		SolutionGuid = {25684641-19E3-4F6E-9EA6-BA0688B9AA15}
	EndGlobalSection
EndGlobal
